
Microsoft Visual Studio Solution File, Format Version 12.00
# Visual Studio Version 17
VisualStudioVersion = 17.10.35013.160
MinimumVisualStudioVersion = 10.0.40219.1
Project("{FAE04EC0-301F-11D3-BF4B-00C04F79EFBC}") = "JokesWebApp4", "JokesWebApp4\JokesWebApp4.csproj", "{77969DF4-EF2B-47B7-837C-73A623D7368B}"
EndProject
Global
	GlobalSection(SolutionConfigurationPlatforms) = preSolution
		Debug|Any CPU = Debug|Any CPU
		Release|Any CPU = Release|Any CPU
	EndGlobalSection
	GlobalSection(ProjectConfigurationPlatforms) = postSolution
		{77969DF4-EF2B-47B7-837C-73A623D7368B}.Debug|Any CPU.ActiveCfg = Debug|Any CPU
		{77969DF4-EF2B-47B7-837C-73A623D7368B}.Debug|Any CPU.Build.0 = Debug|Any CPU
		{77969DF4-EF2B-47B7-837C-73A623D7368B}.Release|Any CPU.ActiveCfg = Release|Any CPU
		{77969DF4-EF2B-47B7-837C-73A623D7368B}.Release|Any CPU.Build.0 = Release|Any CPU
	EndGlobalSection
	GlobalSection(SolutionProperties) = preSolution
		HideSolutionNode = FALSE
	EndGlobalSection
	GlobalSection(ExtensibilityGlobals) = postSolution
		SolutionGuid = {26EE1B6D-C1CC-4719-8900-F65B5538B166}
	EndGlobalSection
EndGlobal
